// !$*UTF8*$!
{
	archiveVersion = 1;
	classes = {
	};
	objectVersion = 56;
	objects = {

/* Begin PBXBuildFile section */
		6CA8AA8B2ADF3A9E00331416 /* LandmarksApp.swift in Sources */ = {isa = PBXBuildFile; fileRef = 6CA8AA8A2ADF3A9E00331416 /* LandmarksApp.swift */; };
		6CA8AA8D2ADF3A9E00331416 /* ContentView.swift in Sources */ = {isa = PBXBuildFile; fileRef = 6CA8AA8C2ADF3A9E00331416 /* ContentView.swift */; };
		6CA8AA8F2ADF3A9F00331416 /* Assets.xcassets in Resources */ = {isa = PBXBuildFile; fileRef = 6CA8AA8E2ADF3A9F00331416 /* Assets.xcassets */; };
		6CA8AA922ADF3A9F00331416 /* Preview Assets.xcassets in Resources */ = {isa = PBXBuildFile; fileRef = 6CA8AA912ADF3A9F00331416 /* Preview Assets.xcassets */; };
		6CA8AA992ADF3CD400331416 /* CircleImage.swift in Sources */ = {isa = PBXBuildFile; fileRef = 6CA8AA982ADF3CD400331416 /* CircleImage.swift */; };
		6CA8AA9D2ADF3D7E00331416 /* MapView.swift in Sources */ = {isa = PBXBuildFile; fileRef = 6CA8AA9C2ADF3D7E00331416 /* MapView.swift */; };
		6CA8AA9F2ADF3EEB00331416 /* landmarkData.json in Resources */ = {isa = PBXBuildFile; fileRef = 6CA8AA9E2ADF3EEB00331416 /* landmarkData.json */; };
		6CA8AAA12ADF3EFC00331416 /* Landmark.swift in Sources */ = {isa = PBXBuildFile; fileRef = 6CA8AAA02ADF3EFC00331416 /* Landmark.swift */; };
		6CA8AAA32ADF3FC400331416 /* ModelData.swift in Sources */ = {isa = PBXBuildFile; fileRef = 6CA8AAA22ADF3FC400331416 /* ModelData.swift */; };
		6CA8AAA92ADF40D200331416 /* LandmarkRow.swift in Sources */ = {isa = PBXBuildFile; fileRef = 6CA8AAA82ADF40D200331416 /* LandmarkRow.swift */; };
		6CA8AAAB2ADF41EE00331416 /* LandmarkList.swift in Sources */ = {isa = PBXBuildFile; fileRef = 6CA8AAAA2ADF41EE00331416 /* LandmarkList.swift */; };
		6CA8AAAD2ADF426600331416 /* LandmarkDetail.swift in Sources */ = {isa = PBXBuildFile; fileRef = 6CA8AAAC2ADF426600331416 /* LandmarkDetail.swift */; };
		6CA8AAAF2ADF54C100331416 /* FavoriteButton.swift in Sources */ = {isa = PBXBuildFile; fileRef = 6CA8AAAE2ADF54C100331416 /* FavoriteButton.swift */; };
		6CA8AAB32ADF696E00331416 /* HexagonParameters.swift in Sources */ = {isa = PBXBuildFile; fileRef = 6CA8AAB22ADF696E00331416 /* HexagonParameters.swift */; };
		6CA8AAB52ADF69D700331416 /* BadgeBackground.swift in Sources */ = {isa = PBXBuildFile; fileRef = 6CA8AAB42ADF69D700331416 /* BadgeBackground.swift */; };
		6CA8AAB72ADF6C6C00331416 /* BadgeSymbol.swift in Sources */ = {isa = PBXBuildFile; fileRef = 6CA8AAB62ADF6C6C00331416 /* BadgeSymbol.swift */; };
		6CA8AAB92ADF6CB600331416 /* RotatedBadgeSymbol.swift in Sources */ = {isa = PBXBuildFile; fileRef = 6CA8AAB82ADF6CB600331416 /* RotatedBadgeSymbol.swift */; };
		6CA8AABB2ADF6CED00331416 /* Badge.swift in Sources */ = {isa = PBXBuildFile; fileRef = 6CA8AABA2ADF6CED00331416 /* Badge.swift */; };
		6CD87F222AE18F5A006F48A4 /* hikeData.json in Resources */ = {isa = PBXBuildFile; fileRef = 6CD87F212AE18F5A006F48A4 /* hikeData.json */; };
		6CD87F242AE18F6D006F48A4 /* Hike.swift in Sources */ = {isa = PBXBuildFile; fileRef = 6CD87F232AE18F6D006F48A4 /* Hike.swift */; };
		6CD87F2C2AE192F7006F48A4 /* GraphCapsule.swift in Sources */ = {isa = PBXBuildFile; fileRef = 6CD87F282AE192F7006F48A4 /* GraphCapsule.swift */; };
		6CD87F2D2AE192F7006F48A4 /* HikeGraph.swift in Sources */ = {isa = PBXBuildFile; fileRef = 6CD87F292AE192F7006F48A4 /* HikeGraph.swift */; };
		6CD87F2E2AE192F7006F48A4 /* HikeDetail.swift in Sources */ = {isa = PBXBuildFile; fileRef = 6CD87F2A2AE192F7006F48A4 /* HikeDetail.swift */; };
		6CD87F2F2AE192F7006F48A4 /* HikeView.swift in Sources */ = {isa = PBXBuildFile; fileRef = 6CD87F2B2AE192F7006F48A4 /* HikeView.swift */; };
/* End PBXBuildFile section */

/* Begin PBXFileReference section */
		6CA8AA872ADF3A9E00331416 /* Landmarks.app */ = {isa = PBXFileReference; explicitFileType = wrapper.application; includeInIndex = 0; path = Landmarks.app; sourceTree = BUILT_PRODUCTS_DIR; };
		6CA8AA8A2ADF3A9E00331416 /* LandmarksApp.swift */ = {isa = PBXFileReference; lastKnownFileType = sourcecode.swift; path = LandmarksApp.swift; sourceTree = "<group>"; };
		6CA8AA8C2ADF3A9E00331416 /* ContentView.swift */ = {isa = PBXFileReference; lastKnownFileType = sourcecode.swift; path = ContentView.swift; sourceTree = "<group>"; };
		6CA8AA8E2ADF3A9F00331416 /* Assets.xcassets */ = {isa = PBXFileReference; lastKnownFileType = folder.assetcatalog; path = Assets.xcassets; sourceTree = "<group>"; };
		6CA8AA912ADF3A9F00331416 /* Preview Assets.xcassets */ = {isa = PBXFileReference; lastKnownFileType = folder.assetcatalog; path = "Preview Assets.xcassets"; sourceTree = "<group>"; };
		6CA8AA982ADF3CD400331416 /* CircleImage.swift */ = {isa = PBXFileReference; lastKnownFileType = sourcecode.swift; path = CircleImage.swift; sourceTree = "<group>"; };
		6CA8AA9C2ADF3D7E00331416 /* MapView.swift */ = {isa = PBXFileReference; lastKnownFileType = sourcecode.swift; path = MapView.swift; sourceTree = "<group>"; };
		6CA8AA9E2ADF3EEB00331416 /* landmarkData.json */ = {isa = PBXFileReference; fileEncoding = 4; lastKnownFileType = text.json; path = landmarkData.json; sourceTree = "<group>"; };
		6CA8AAA02ADF3EFC00331416 /* Landmark.swift */ = {isa = PBXFileReference; lastKnownFileType = sourcecode.swift; path = Landmark.swift; sourceTree = "<group>"; };
		6CA8AAA22ADF3FC400331416 /* ModelData.swift */ = {isa = PBXFileReference; lastKnownFileType = sourcecode.swift; path = ModelData.swift; sourceTree = "<group>"; };
		6CA8AAA82ADF40D200331416 /* LandmarkRow.swift */ = {isa = PBXFileReference; lastKnownFileType = sourcecode.swift; path = LandmarkRow.swift; sourceTree = "<group>"; };
		6CA8AAAA2ADF41EE00331416 /* LandmarkList.swift */ = {isa = PBXFileReference; lastKnownFileType = sourcecode.swift; path = LandmarkList.swift; sourceTree = "<group>"; };
		6CA8AAAC2ADF426600331416 /* LandmarkDetail.swift */ = {isa = PBXFileReference; lastKnownFileType = sourcecode.swift; path = LandmarkDetail.swift; sourceTree = "<group>"; };
		6CA8AAAE2ADF54C100331416 /* FavoriteButton.swift */ = {isa = PBXFileReference; lastKnownFileType = sourcecode.swift; path = FavoriteButton.swift; sourceTree = "<group>"; };
		6CA8AAB22ADF696E00331416 /* HexagonParameters.swift */ = {isa = PBXFileReference; lastKnownFileType = sourcecode.swift; path = HexagonParameters.swift; sourceTree = "<group>"; };
		6CA8AAB42ADF69D700331416 /* BadgeBackground.swift */ = {isa = PBXFileReference; lastKnownFileType = sourcecode.swift; path = BadgeBackground.swift; sourceTree = "<group>"; };
		6CA8AAB62ADF6C6C00331416 /* BadgeSymbol.swift */ = {isa = PBXFileReference; lastKnownFileType = sourcecode.swift; path = BadgeSymbol.swift; sourceTree = "<group>"; };
		6CA8AAB82ADF6CB600331416 /* RotatedBadgeSymbol.swift */ = {isa = PBXFileReference; lastKnownFileType = sourcecode.swift; path = RotatedBadgeSymbol.swift; sourceTree = "<group>"; };
		6CA8AABA2ADF6CED00331416 /* Badge.swift */ = {isa = PBXFileReference; lastKnownFileType = sourcecode.swift; path = Badge.swift; sourceTree = "<group>"; };
		6CD87F212AE18F5A006F48A4 /* hikeData.json */ = {isa = PBXFileReference; fileEncoding = 4; lastKnownFileType = text.json; path = hikeData.json; sourceTree = "<group>"; };
		6CD87F232AE18F6D006F48A4 /* Hike.swift */ = {isa = PBXFileReference; lastKnownFileType = sourcecode.swift; path = Hike.swift; sourceTree = "<group>"; };
		6CD87F282AE192F7006F48A4 /* GraphCapsule.swift */ = {isa = PBXFileReference; fileEncoding = 4; lastKnownFileType = sourcecode.swift; path = GraphCapsule.swift; sourceTree = "<group>"; };
		6CD87F292AE192F7006F48A4 /* HikeGraph.swift */ = {isa = PBXFileReference; fileEncoding = 4; lastKnownFileType = sourcecode.swift; path = HikeGraph.swift; sourceTree = "<group>"; };
		6CD87F2A2AE192F7006F48A4 /* HikeDetail.swift */ = {isa = PBXFileReference; fileEncoding = 4; lastKnownFileType = sourcecode.swift; path = HikeDetail.swift; sourceTree = "<group>"; };
		6CD87F2B2AE192F7006F48A4 /* HikeView.swift */ = {isa = PBXFileReference; fileEncoding = 4; lastKnownFileType = sourcecode.swift; path = HikeView.swift; sourceTree = "<group>"; };
/* End PBXFileReference section */

/* Begin PBXFrameworksBuildPhase section */
		6CA8AA842ADF3A9E00331416 /* Frameworks */ = {
			isa = PBXFrameworksBuildPhase;
			buildActionMask = 2147483647;
			files = (
			);
			runOnlyForDeploymentPostprocessing = 0;
		};
/* End PBXFrameworksBuildPhase section */

/* Begin PBXGroup section */
		6CA8AA7E2ADF3A9E00331416 = {
			isa = PBXGroup;
			children = (
				6CA8AA892ADF3A9E00331416 /* Landmarks */,
				6CA8AA882ADF3A9E00331416 /* Products */,
			);
			sourceTree = "<group>";
		};
		6CA8AA882ADF3A9E00331416 /* Products */ = {
			isa = PBXGroup;
			children = (
				6CA8AA872ADF3A9E00331416 /* Landmarks.app */,
			);
			name = Products;
			sourceTree = "<group>";
		};
		6CA8AA892ADF3A9E00331416 /* Landmarks */ = {
			isa = PBXGroup;
			children = (
				6CA8AA8A2ADF3A9E00331416 /* LandmarksApp.swift */,
				6CA8AAA52ADF407900331416 /* Views */,
				6CA8AAA72ADF40A700331416 /* Model */,
				6CA8AAA62ADF408400331416 /* Resources */,
				6CA8AA8E2ADF3A9F00331416 /* Assets.xcassets */,
				6CA8AA902ADF3A9F00331416 /* Preview Content */,
			);
			path = Landmarks;
			sourceTree = "<group>";
		};
		6CA8AA902ADF3A9F00331416 /* Preview Content */ = {
			isa = PBXGroup;
			children = (
				6CA8AA912ADF3A9F00331416 /* Preview Assets.xcassets */,
			);
			path = "Preview Content";
			sourceTree = "<group>";
		};
		6CA8AAA52ADF407900331416 /* Views */ = {
			isa = PBXGroup;
			children = (
				6CA8AA8C2ADF3A9E00331416 /* ContentView.swift */,
				6CD87F272AE192F7006F48A4 /* Hikes */,
				6CA8AAB02ADF555F00331416 /* Helpers */,
				6CA8AAB12ADF556900331416 /* Landmarks */,
				6CA8AABC2ADF6D4700331416 /* Badges */,
			);
			path = Views;
			sourceTree = "<group>";
		};
		6CA8AAA62ADF408400331416 /* Resources */ = {
			isa = PBXGroup;
			children = (
				6CD87F212AE18F5A006F48A4 /* hikeData.json */,
				6CA8AA9E2ADF3EEB00331416 /* landmarkData.json */,
			);
			path = Resources;
			sourceTree = "<group>";
		};
		6CA8AAA72ADF40A700331416 /* Model */ = {
			isa = PBXGroup;
			children = (
				6CA8AAA02ADF3EFC00331416 /* Landmark.swift */,
				6CA8AAA22ADF3FC400331416 /* ModelData.swift */,
				6CD87F232AE18F6D006F48A4 /* Hike.swift */,
			);
			path = Model;
			sourceTree = "<group>";
		};
		6CA8AAB02ADF555F00331416 /* Helpers */ = {
			isa = PBXGroup;
			children = (
				6CA8AA982ADF3CD400331416 /* CircleImage.swift */,
				6CA8AA9C2ADF3D7E00331416 /* MapView.swift */,
				6CA8AAAE2ADF54C100331416 /* FavoriteButton.swift */,
			);
			path = Helpers;
			sourceTree = "<group>";
		};
		6CA8AAB12ADF556900331416 /* Landmarks */ = {
			isa = PBXGroup;
			children = (
				6CA8AAA82ADF40D200331416 /* LandmarkRow.swift */,
				6CA8AAAA2ADF41EE00331416 /* LandmarkList.swift */,
				6CA8AAAC2ADF426600331416 /* LandmarkDetail.swift */,
			);
			path = Landmarks;
			sourceTree = "<group>";
		};
		6CA8AABC2ADF6D4700331416 /* Badges */ = {
			isa = PBXGroup;
			children = (
				6CA8AAB22ADF696E00331416 /* HexagonParameters.swift */,
				6CA8AAB42ADF69D700331416 /* BadgeBackground.swift */,
				6CA8AAB62ADF6C6C00331416 /* BadgeSymbol.swift */,
				6CA8AAB82ADF6CB600331416 /* RotatedBadgeSymbol.swift */,
				6CA8AABA2ADF6CED00331416 /* Badge.swift */,
			);
			path = Badges;
			sourceTree = "<group>";
		};
		6CD87F272AE192F7006F48A4 /* Hikes */ = {
			isa = PBXGroup;
			children = (
				6CD87F282AE192F7006F48A4 /* GraphCapsule.swift */,
				6CD87F292AE192F7006F48A4 /* HikeGraph.swift */,
				6CD87F2A2AE192F7006F48A4 /* HikeDetail.swift */,
				6CD87F2B2AE192F7006F48A4 /* HikeView.swift */,
			);
			path = Hikes;
			sourceTree = "<group>";
		};
/* End PBXGroup section */

/* Begin PBXNativeTarget section */
		6CA8AA862ADF3A9E00331416 /* Landmarks */ = {
			isa = PBXNativeTarget;
			buildConfigurationList = 6CA8AA952ADF3A9F00331416 /* Build configuration list for PBXNativeTarget "Landmarks" */;
			buildPhases = (
				6CA8AA832ADF3A9E00331416 /* Sources */,
				6CA8AA842ADF3A9E00331416 /* Frameworks */,
				6CA8AA852ADF3A9E00331416 /* Resources */,
			);
			buildRules = (
			);
			dependencies = (
			);
			name = Landmarks;
			productName = Landmarks;
			productReference = 6CA8AA872ADF3A9E00331416 /* Landmarks.app */;
			productType = "com.apple.product-type.application";
		};
/* End PBXNativeTarget section */

/* Begin PBXProject section */
		6CA8AA7F2ADF3A9E00331416 /* Project object */ = {
			isa = PBXProject;
			attributes = {
				BuildIndependentTargetsInParallel = 1;
				LastSwiftUpdateCheck = 1500;
				LastUpgradeCheck = 1500;
				TargetAttributes = {
					6CA8AA862ADF3A9E00331416 = {
						CreatedOnToolsVersion = 15.0;
					};
				};
			};
			buildConfigurationList = 6CA8AA822ADF3A9E00331416 /* Build configuration list for PBXProject "Landmarks" */;
			compatibilityVersion = "Xcode 14.0";
			developmentRegion = en;
			hasScannedForEncodings = 0;
			knownRegions = (
				en,
				Base,
			);
			mainGroup = 6CA8AA7E2ADF3A9E00331416;
			productRefGroup = 6CA8AA882ADF3A9E00331416 /* Products */;
			projectDirPath = "";
			projectRoot = "";
			targets = (
				6CA8AA862ADF3A9E00331416 /* Landmarks */,
			);
		};
/* End PBXProject section */

/* Begin PBXResourcesBuildPhase section */
		6CA8AA852ADF3A9E00331416 /* Resources */ = {
			isa = PBXResourcesBuildPhase;
			buildActionMask = 2147483647;
			files = (
				6CD87F222AE18F5A006F48A4 /* hikeData.json in Resources */,
				6CA8AA922ADF3A9F00331416 /* Preview Assets.xcassets in Resources */,
				6CA8AA8F2ADF3A9F00331416 /* Assets.xcassets in Resources */,
				6CA8AA9F2ADF3EEB00331416 /* landmarkData.json in Resources */,
			);
			runOnlyForDeploymentPostprocessing = 0;
		};
/* End PBXResourcesBuildPhase section */

/* Begin PBXSourcesBuildPhase section */
		6CA8AA832ADF3A9E00331416 /* Sources */ = {
			isa = PBXSourcesBuildPhase;
			buildActionMask = 2147483647;
			files = (
				6CA8AA8D2ADF3A9E00331416 /* ContentView.swift in Sources */,
				6CD87F2D2AE192F7006F48A4 /* HikeGraph.swift in Sources */,
				6CA8AABB2ADF6CED00331416 /* Badge.swift in Sources */,
				6CA8AA9D2ADF3D7E00331416 /* MapView.swift in Sources */,
				6CD87F2C2AE192F7006F48A4 /* GraphCapsule.swift in Sources */,
				6CA8AA8B2ADF3A9E00331416 /* LandmarksApp.swift in Sources */,
				6CA8AAAF2ADF54C100331416 /* FavoriteButton.swift in Sources */,
				6CD87F2E2AE192F7006F48A4 /* HikeDetail.swift in Sources */,
				6CA8AAB32ADF696E00331416 /* HexagonParameters.swift in Sources */,
				6CD87F242AE18F6D006F48A4 /* Hike.swift in Sources */,
				6CA8AAB92ADF6CB600331416 /* RotatedBadgeSymbol.swift in Sources */,
				6CA8AAB72ADF6C6C00331416 /* BadgeSymbol.swift in Sources */,
				6CA8AAAB2ADF41EE00331416 /* LandmarkList.swift in Sources */,
				6CD87F2F2AE192F7006F48A4 /* HikeView.swift in Sources */,
				6CA8AAAD2ADF426600331416 /* LandmarkDetail.swift in Sources */,
				6CA8AAB52ADF69D700331416 /* BadgeBackground.swift in Sources */,
				6CA8AA992ADF3CD400331416 /* CircleImage.swift in Sources */,
				6CA8AAA12ADF3EFC00331416 /* Landmark.swift in Sources */,
				6CA8AAA92ADF40D200331416 /* LandmarkRow.swift in Sources */,
				6CA8AAA32ADF3FC400331416 /* ModelData.swift in Sources */,
			);
			runOnlyForDeploymentPostprocessing = 0;
		};
/* End PBXSourcesBuildPhase section */

/* Begin XCBuildConfiguration section */
		6CA8AA932ADF3A9F00331416 /* Debug */ = {
			isa = XCBuildConfiguration;
			buildSettings = {
				ALWAYS_SEARCH_USER_PATHS = NO;
				ASSETCATALOG_COMPILER_GENERATE_SWIFT_ASSET_SYMBOL_EXTENSIONS = YES;
				CLANG_ANALYZER_NONNULL = YES;
				CLANG_ANALYZER_NUMBER_OBJECT_CONVERSION = YES_AGGRESSIVE;
				CLANG_CXX_LANGUAGE_STANDARD = "gnu++20";
				CLANG_ENABLE_MODULES = YES;
				CLANG_ENABLE_OBJC_ARC = YES;
				CLANG_ENABLE_OBJC_WEAK = YES;
				CLANG_WARN_BLOCK_CAPTURE_AUTORELEASING = YES;
				CLANG_WARN_BOOL_CONVERSION = YES;
				CLANG_WARN_COMMA = YES;
				CLANG_WARN_CONSTANT_CONVERSION = YES;
				CLANG_WARN_DEPRECATED_OBJC_IMPLEMENTATIONS = YES;
				CLANG_WARN_DIRECT_OBJC_ISA_USAGE = YES_ERROR;
				CLANG_WARN_DOCUMENTATION_COMMENTS = YES;
				CLANG_WARN_EMPTY_BODY = YES;
				CLANG_WARN_ENUM_CONVERSION = YES;
				CLANG_WARN_INFINITE_RECURSION = YES;
				CLANG_WARN_INT_CONVERSION = YES;
				CLANG_WARN_NON_LITERAL_NULL_CONVERSION = YES;
				CLANG_WARN_OBJC_IMPLICIT_RETAIN_SELF = YES;
				CLANG_WARN_OBJC_LITERAL_CONVERSION = YES;
				CLANG_WARN_OBJC_ROOT_CLASS = YES_ERROR;
				CLANG_WARN_QUOTED_INCLUDE_IN_FRAMEWORK_HEADER = YES;
				CLANG_WARN_RANGE_LOOP_ANALYSIS = YES;
				CLANG_WARN_STRICT_PROTOTYPES = YES;
				CLANG_WARN_SUSPICIOUS_MOVE = YES;
				CLANG_WARN_UNGUARDED_AVAILABILITY = YES_AGGRESSIVE;
				CLANG_WARN_UNREACHABLE_CODE = YES;
				CLANG_WARN__DUPLICATE_METHOD_MATCH = YES;
				COPY_PHASE_STRIP = NO;
				DEBUG_INFORMATION_FORMAT = dwarf;
				ENABLE_STRICT_OBJC_MSGSEND = YES;
				ENABLE_TESTABILITY = YES;
				ENABLE_USER_SCRIPT_SANDBOXING = YES;
				GCC_C_LANGUAGE_STANDARD = gnu17;
				GCC_DYNAMIC_NO_PIC = NO;
				GCC_NO_COMMON_BLOCKS = YES;
				GCC_OPTIMIZATION_LEVEL = 0;
				GCC_PREPROCESSOR_DEFINITIONS = (
					"DEBUG=1",
					"$(inherited)",
				);
				GCC_WARN_64_TO_32_BIT_CONVERSION = YES;
				GCC_WARN_ABOUT_RETURN_TYPE = YES_ERROR;
				GCC_WARN_UNDECLARED_SELECTOR = YES;
				GCC_WARN_UNINITIALIZED_AUTOS = YES_AGGRESSIVE;
				GCC_WARN_UNUSED_FUNCTION = YES;
				GCC_WARN_UNUSED_VARIABLE = YES;
				IPHONEOS_DEPLOYMENT_TARGET = 17.0;
				LOCALIZATION_PREFERS_STRING_CATALOGS = YES;
				MTL_ENABLE_DEBUG_INFO = INCLUDE_SOURCE;
				MTL_FAST_MATH = YES;
				ONLY_ACTIVE_ARCH = YES;
				SDKROOT = iphoneos;
				SWIFT_ACTIVE_COMPILATION_CONDITIONS = "DEBUG $(inherited)";
				SWIFT_OPTIMIZATION_LEVEL = "-Onone";
			};
			name = Debug;
		};
		6CA8AA942ADF3A9F00331416 /* Release */ = {
			isa = XCBuildConfiguration;
			buildSettings = {
				ALWAYS_SEARCH_USER_PATHS = NO;
				ASSETCATALOG_COMPILER_GENERATE_SWIFT_ASSET_SYMBOL_EXTENSIONS = YES;
				CLANG_ANALYZER_NONNULL = YES;
				CLANG_ANALYZER_NUMBER_OBJECT_CONVERSION = YES_AGGRESSIVE;
				CLANG_CXX_LANGUAGE_STANDARD = "gnu++20";
				CLANG_ENABLE_MODULES = YES;
				CLANG_ENABLE_OBJC_ARC = YES;
				CLANG_ENABLE_OBJC_WEAK = YES;
				CLANG_WARN_BLOCK_CAPTURE_AUTORELEASING = YES;
				CLANG_WARN_BOOL_CONVERSION = YES;
				CLANG_WARN_COMMA = YES;
				CLANG_WARN_CONSTANT_CONVERSION = YES;
				CLANG_WARN_DEPRECATED_OBJC_IMPLEMENTATIONS = YES;
				CLANG_WARN_DIRECT_OBJC_ISA_USAGE = YES_ERROR;
				CLANG_WARN_DOCUMENTATION_COMMENTS = YES;
				CLANG_WARN_EMPTY_BODY = YES;
				CLANG_WARN_ENUM_CONVERSION = YES;
				CLANG_WARN_INFINITE_RECURSION = YES;
				CLANG_WARN_INT_CONVERSION = YES;
				CLANG_WARN_NON_LITERAL_NULL_CONVERSION = YES;
				CLANG_WARN_OBJC_IMPLICIT_RETAIN_SELF = YES;
				CLANG_WARN_OBJC_LITERAL_CONVERSION = YES;
				CLANG_WARN_OBJC_ROOT_CLASS = YES_ERROR;
				CLANG_WARN_QUOTED_INCLUDE_IN_FRAMEWORK_HEADER = YES;
				CLANG_WARN_RANGE_LOOP_ANALYSIS = YES;
				CLANG_WARN_STRICT_PROTOTYPES = YES;
				CLANG_WARN_SUSPICIOUS_MOVE = YES;
				CLANG_WARN_UNGUARDED_AVAILABILITY = YES_AGGRESSIVE;
				CLANG_WARN_UNREACHABLE_CODE = YES;
				CLANG_WARN__DUPLICATE_METHOD_MATCH = YES;
				COPY_PHASE_STRIP = NO;
				DEBUG_INFORMATION_FORMAT = "dwarf-with-dsym";
				ENABLE_NS_ASSERTIONS = NO;
				ENABLE_STRICT_OBJC_MSGSEND = YES;
				ENABLE_USER_SCRIPT_SANDBOXING = YES;
				GCC_C_LANGUAGE_STANDARD = gnu17;
				GCC_NO_COMMON_BLOCKS = YES;
				GCC_WARN_64_TO_32_BIT_CONVERSION = YES;
				GCC_WARN_ABOUT_RETURN_TYPE = YES_ERROR;
				GCC_WARN_UNDECLARED_SELECTOR = YES;
				GCC_WARN_UNINITIALIZED_AUTOS = YES_AGGRESSIVE;
				GCC_WARN_UNUSED_FUNCTION = YES;
				GCC_WARN_UNUSED_VARIABLE = YES;
				IPHONEOS_DEPLOYMENT_TARGET = 17.0;
				LOCALIZATION_PREFERS_STRING_CATALOGS = YES;
				MTL_ENABLE_DEBUG_INFO = NO;
				MTL_FAST_MATH = YES;
				SDKROOT = iphoneos;
				SWIFT_COMPILATION_MODE = wholemodule;
				VALIDATE_PRODUCT = YES;
			};
			name = Release;
		};
		6CA8AA962ADF3A9F00331416 /* Debug */ = {
			isa = XCBuildConfiguration;
			buildSettings = {
				ASSETCATALOG_COMPILER_APPICON_NAME = AppIcon;
				ASSETCATALOG_COMPILER_GLOBAL_ACCENT_COLOR_NAME = AccentColor;
				CODE_SIGN_STYLE = Automatic;
				CURRENT_PROJECT_VERSION = 1;
				DEVELOPMENT_ASSET_PATHS = "\"Landmarks/Preview Content\"";
				DEVELOPMENT_TEAM = SKEKSG6Q32;
				ENABLE_PREVIEWS = YES;
				GENERATE_INFOPLIST_FILE = YES;
				INFOPLIST_KEY_UIApplicationSceneManifest_Generation = YES;
				INFOPLIST_KEY_UIApplicationSupportsIndirectInputEvents = YES;
				INFOPLIST_KEY_UILaunchScreen_Generation = YES;
				INFOPLIST_KEY_UISupportedInterfaceOrientations_iPad = "UIInterfaceOrientationPortrait UIInterfaceOrientationPortraitUpsideDown UIInterfaceOrientationLandscapeLeft UIInterfaceOrientationLandscapeRight";
				INFOPLIST_KEY_UISupportedInterfaceOrientations_iPhone = "UIInterfaceOrientationPortrait UIInterfaceOrientationLandscapeLeft UIInterfaceOrientationLandscapeRight";
				LD_RUNPATH_SEARCH_PATHS = (
					"$(inherited)",
					"@executable_path/Frameworks",
				);
				MARKETING_VERSION = 1.0;
				PRODUCT_BUNDLE_IDENTIFIER = org.sneath.Landmarks;
				PRODUCT_NAME = "$(TARGET_NAME)";
				SWIFT_EMIT_LOC_STRINGS = YES;
				SWIFT_VERSION = 5.0;
				TARGETED_DEVICE_FAMILY = "1,2";
			};
			name = Debug;
		};
		6CA8AA972ADF3A9F00331416 /* Release */ = {
			isa = XCBuildConfiguration;
			buildSettings = {
				ASSETCATALOG_COMPILER_APPICON_NAME = AppIcon;
				ASSETCATALOG_COMPILER_GLOBAL_ACCENT_COLOR_NAME = AccentColor;
				CODE_SIGN_STYLE = Automatic;
				CURRENT_PROJECT_VERSION = 1;
				DEVELOPMENT_ASSET_PATHS = "\"Landmarks/Preview Content\"";
				DEVELOPMENT_TEAM = SKEKSG6Q32;
				ENABLE_PREVIEWS = YES;
				GENERATE_INFOPLIST_FILE = YES;
				INFOPLIST_KEY_UIApplicationSceneManifest_Generation = YES;
				INFOPLIST_KEY_UIApplicationSupportsIndirectInputEvents = YES;
				INFOPLIST_KEY_UILaunchScreen_Generation = YES;
				INFOPLIST_KEY_UISupportedInterfaceOrientations_iPad = "UIInterfaceOrientationPortrait UIInterfaceOrientationPortraitUpsideDown UIInterfaceOrientationLandscapeLeft UIInterfaceOrientationLandscapeRight";
				INFOPLIST_KEY_UISupportedInterfaceOrientations_iPhone = "UIInterfaceOrientationPortrait UIInterfaceOrientationLandscapeLeft UIInterfaceOrientationLandscapeRight";
				LD_RUNPATH_SEARCH_PATHS = (
					"$(inherited)",
					"@executable_path/Frameworks",
				);
				MARKETING_VERSION = 1.0;
				PRODUCT_BUNDLE_IDENTIFIER = org.sneath.Landmarks;
				PRODUCT_NAME = "$(TARGET_NAME)";
				SWIFT_EMIT_LOC_STRINGS = YES;
				SWIFT_VERSION = 5.0;
				TARGETED_DEVICE_FAMILY = "1,2";
			};
			name = Release;
		};
/* End XCBuildConfiguration section */

/* Begin XCConfigurationList section */
		6CA8AA822ADF3A9E00331416 /* Build configuration list for PBXProject "Landmarks" */ = {
			isa = XCConfigurationList;
			buildConfigurations = (
				6CA8AA932ADF3A9F00331416 /* Debug */,
				6CA8AA942ADF3A9F00331416 /* Release */,
			);
			defaultConfigurationIsVisible = 0;
			defaultConfigurationName = Release;
		};
		6CA8AA952ADF3A9F00331416 /* Build configuration list for PBXNativeTarget "Landmarks" */ = {
			isa = XCConfigurationList;
			buildConfigurations = (
				6CA8AA962ADF3A9F00331416 /* Debug */,
				6CA8AA972ADF3A9F00331416 /* Release */,
			);
			defaultConfigurationIsVisible = 0;
			defaultConfigurationName = Release;
		};
/* End XCConfigurationList section */
	};
	rootObject = 6CA8AA7F2ADF3A9E00331416 /* Project object */;
}
